
Microsoft Visual Studio Solution File, Format Version 12.00
# Visual Studio 15
VisualStudioVersion = 15.0.28307.489
MinimumVisualStudioVersion = 10.0.40219.1
Project("{8BC9CEB8-8B4A-11D0-8D11-00A0C91BC942}") = "Function", "Function\Function.vcxproj", "{312E6746-CD1A-49B0-896F-9741A466108C}"
EndProject
Global
	GlobalSection(SolutionConfigurationPlatforms) = preSolution
		Debug|x64 = Debug|x64
		Debug|x86 = Debug|x86
		Release|x64 = Release|x64
		Release|x86 = Release|x86
	EndGlobalSection
	GlobalSection(ProjectConfigurationPlatforms) = postSolution
		{312E6746-CD1A-49B0-896F-9741A466108C}.Debug|x64.ActiveCfg = Debug|x64
		{312E6746-CD1A-49B0-896F-9741A466108C}.Debug|x64.Build.0 = Debug|x64
		{312E6746-CD1A-49B0-896F-9741A466108C}.Debug|x86.ActiveCfg = Debug|Win32
		{312E6746-CD1A-49B0-896F-9741A466108C}.Debug|x86.Build.0 = Debug|Win32
		{312E6746-CD1A-49B0-896F-9741A466108C}.Release|x64.ActiveCfg = Release|x64
		{312E6746-CD1A-49B0-896F-9741A466108C}.Release|x64.Build.0 = Release|x64
		{312E6746-CD1A-49B0-896F-9741A466108C}.Release|x86.ActiveCfg = Release|Win32
		{312E6746-CD1A-49B0-896F-9741A466108C}.Release|x86.Build.0 = Release|Win32
	EndGlobalSection
	GlobalSection(SolutionProperties) = preSolution
		HideSolutionNode = FALSE
	EndGlobalSection
	GlobalSection(ExtensibilityGlobals) = postSolution
		SolutionGuid = {329CC308-12FC-4A4A-9DBC-AEED846DE3A7}
	EndGlobalSection
EndGlobal
